
Microsoft Visual Studio Solution File, Format Version 12.00
# Visual Studio Version 17
VisualStudioVersion = 17.3.32922.545
MinimumVisualStudioVersion = 10.0.40219.1
Project("{9A19103F-16F7-4668-BE54-9A1E7A4F7556}") = "Maryia_Bychkova_Application", "Maryia_Bychkova_Application\Maryia_Bychkova_Application.csproj", "{7A55AD4E-0684-4BB0-95E5-1DCD259F954B}"
EndProject
Project("{9A19103F-16F7-4668-BE54-9A1E7A4F7556}") = "CSharpBasics", "CSharpBasics\CSharpBasics.csproj", "{61B4BD1F-78A9-4052-BAFD-D3BF348C021B}"
EndProject
Project("{FAE04EC0-301F-11D3-BF4B-00C04F79EFBC}") = "CSharpException", "CSharpException\CSharpException.csproj", "{065B15D3-28F9-46D5-B803-9FC678201CF7}"
EndProject
Global
	GlobalSection(SolutionConfigurationPlatforms) = preSolution
		Debug|Any CPU = Debug|Any CPU
		Release|Any CPU = Release|Any CPU
	EndGlobalSection
	GlobalSection(ProjectConfigurationPlatforms) = postSolution
		{7A55AD4E-0684-4BB0-95E5-1DCD259F954B}.Debug|Any CPU.ActiveCfg = Debug|Any CPU
		{7A55AD4E-0684-4BB0-95E5-1DCD259F954B}.Debug|Any CPU.Build.0 = Debug|Any CPU
		{7A55AD4E-0684-4BB0-95E5-1DCD259F954B}.Release|Any CPU.ActiveCfg = Release|Any CPU
		{7A55AD4E-0684-4BB0-95E5-1DCD259F954B}.Release|Any CPU.Build.0 = Release|Any CPU
		{61B4BD1F-78A9-4052-BAFD-D3BF348C021B}.Debug|Any CPU.ActiveCfg = Debug|Any CPU
		{61B4BD1F-78A9-4052-BAFD-D3BF348C021B}.Debug|Any CPU.Build.0 = Debug|Any CPU
		{61B4BD1F-78A9-4052-BAFD-D3BF348C021B}.Release|Any CPU.ActiveCfg = Release|Any CPU
		{61B4BD1F-78A9-4052-BAFD-D3BF348C021B}.Release|Any CPU.Build.0 = Release|Any CPU
		{065B15D3-28F9-46D5-B803-9FC678201CF7}.Debug|Any CPU.ActiveCfg = Debug|Any CPU
		{065B15D3-28F9-46D5-B803-9FC678201CF7}.Debug|Any CPU.Build.0 = Debug|Any CPU
		{065B15D3-28F9-46D5-B803-9FC678201CF7}.Release|Any CPU.ActiveCfg = Release|Any CPU
		{065B15D3-28F9-46D5-B803-9FC678201CF7}.Release|Any CPU.Build.0 = Release|Any CPU
	EndGlobalSection
	GlobalSection(SolutionProperties) = preSolution
		HideSolutionNode = FALSE
	EndGlobalSection
	GlobalSection(ExtensibilityGlobals) = postSolution
		SolutionGuid = {C4CB0F8C-DCE9-490C-8D4B-C84B9393CEDB}
	EndGlobalSection
EndGlobal
